
Microsoft Visual Studio Solution File, Format Version 11.00
# Visual Studio 2010
Project("{FAE04EC0-301F-11D3-BF4B-00C04F79EFBC}") = "Assembly-CSharp", "Assembly-CSharp.csproj", "{D054B30C-74BD-FFEC-257A-C68CD82E3464}"
EndProject
Project("{FAE04EC0-301F-11D3-BF4B-00C04F79EFBC}") = "Assembly-CSharp-Editor", "Assembly-CSharp-Editor.csproj", "{CC2813AF-A1B4-FF16-13A1-F0B733C0EEC7}"
EndProject
Global
	GlobalSection(SolutionConfigurationPlatforms) = preSolution
		Debug|Any CPU = Debug|Any CPU
		Release|Any CPU = Release|Any CPU
	EndGlobalSection
	GlobalSection(ProjectConfigurationPlatforms) = postSolution
		{D054B30C-74BD-FFEC-257A-C68CD82E3464}.Debug|Any CPU.ActiveCfg = Debug|Any CPU
		{D054B30C-74BD-FFEC-257A-C68CD82E3464}.Debug|Any CPU.Build.0 = Debug|Any CPU
		{D054B30C-74BD-FFEC-257A-C68CD82E3464}.Release|Any CPU.ActiveCfg = Release|Any CPU
		{D054B30C-74BD-FFEC-257A-C68CD82E3464}.Release|Any CPU.Build.0 = Release|Any CPU
		{CC2813AF-A1B4-FF16-13A1-F0B733C0EEC7}.Debug|Any CPU.ActiveCfg = Debug|Any CPU
		{CC2813AF-A1B4-FF16-13A1-F0B733C0EEC7}.Debug|Any CPU.Build.0 = Debug|Any CPU
		{CC2813AF-A1B4-FF16-13A1-F0B733C0EEC7}.Release|Any CPU.ActiveCfg = Release|Any CPU
		{CC2813AF-A1B4-FF16-13A1-F0B733C0EEC7}.Release|Any CPU.Build.0 = Release|Any CPU
	EndGlobalSection
	GlobalSection(SolutionProperties) = preSolution
		HideSolutionNode = FALSE
	EndGlobalSection
	GlobalSection(MonoDevelopProperties) = preSolution
		StartupItem = Assembly-CSharp.csproj
	EndGlobalSection
EndGlobal
